{
  "name": "elaina-lang",
  "version": "3.0.0",
  "lockfileVersion": 3,
  "requires": true,
  "packages": {
    "": {
      "name": "elaina-lang",
      "version": "3.0.0",
      "license": "MIT",
      "bin": {
        "elaina": "elaina.js"
      },
      "engines": {
        "node": ">=18.0.0"
      }
    }
  }
}
